
Microsoft Visual Studio Solution File, Format Version 12.00
# Visual Studio 15
Project("{FAE04EC0-301F-11D3-BF4B-00C04F79EFBC}") = "Assembly-CSharp", "Assembly-CSharp.csproj", "{3ED479B5-5040-D7F4-4B1D-88F54361B9FF}"
EndProject
Global
	GlobalSection(SolutionConfigurationPlatforms) = preSolution
		Debug|Any CPU = Debug|Any CPU
		Release|Any CPU = Release|Any CPU
	EndGlobalSection
	GlobalSection(ProjectConfigurationPlatforms) = postSolution
		{3ED479B5-5040-D7F4-4B1D-88F54361B9FF}.Debug|Any CPU.ActiveCfg = Debug|Any CPU
		{3ED479B5-5040-D7F4-4B1D-88F54361B9FF}.Debug|Any CPU.Build.0 = Debug|Any CPU
		{3ED479B5-5040-D7F4-4B1D-88F54361B9FF}.Release|Any CPU.ActiveCfg = Release|Any CPU
		{3ED479B5-5040-D7F4-4B1D-88F54361B9FF}.Release|Any CPU.Build.0 = Release|Any CPU
	EndGlobalSection
	GlobalSection(SolutionProperties) = preSolution
		HideSolutionNode = FALSE
	EndGlobalSection
EndGlobal
